// !$*UTF8*$!
{
	archiveVersion = 1;
	classes = {
	};
	objectVersion = 56;
	objects = {

/* Begin PBXBuildFile section */
		0F7CD6F72DCF150200BC3750 /* HotKey in Frameworks */ = {isa = PBXBuildFile; productRef = 0F7CD6F62DCF150200BC3750 /* HotKey */; };
		8FB0012DCF147000BC001 /* AppDelegate.swift in Sources */ = {isa = PBXBuildFile; fileRef = 8FA0012DCF147000BC001 /* AppDelegate.swift */; };
		8FB0012DCF147000BC002 /* ContentView.swift in Sources */ = {isa = PBXBuildFile; fileRef = 8FA0012DCF147000BC002 /* ContentView.swift */; };
		8FB0012DCF147000BC003 /* KeyEventHandling.swift in Sources */ = {isa = PBXBuildFile; fileRef = 8FA0012DCF147000BC003 /* KeyEventHandling.swift */; };
		8FB0012DCF147000BC004 /* LauncherController.swift in Sources */ = {isa = PBXBuildFile; fileRef = 8FA0012DCF147000BC004 /* LauncherController.swift */; };
		8FB0012DCF147000BC005 /* OverlayPanel.swift in Sources */ = {isa = PBXBuildFile; fileRef = 8FA0012DCF147000BC005 /* OverlayPanel.swift */; };
		8FB0012DCF147000BC006 /* PinnedAppLoader.swift in Sources */ = {isa = PBXBuildFile; fileRef = 8FA0012DCF147000BC006 /* PinnedAppLoader.swift */; };
		8FB0012DCF147000BC007 /* SettingsStore.swift in Sources */ = {isa = PBXBuildFile; fileRef = 8FA0012DCF147000BC007 /* SettingsStore.swift */; };
		8FB0012DCF147000BC008 /* SettingsView.swift in Sources */ = {isa = PBXBuildFile; fileRef = 8FA0012DCF147000BC008 /* SettingsView.swift */; };
		8FB0012DCF147000BC009 /* TapThatAppApp.swift in Sources */ = {isa = PBXBuildFile; fileRef = 8FA0012DCF147000BC009 /* TapThatAppApp.swift */; };
		8FB0012DCF147000BC00A /* Assets.xcassets in Resources */ = {isa = PBXBuildFile; fileRef = 8FA0012DCF147000BC00A /* Assets.xcassets */; };
		8FB0012DCF147000BC00B /* PrivacyInfo.xcprivacy in Resources */ = {isa = PBXBuildFile; fileRef = 8FA0012DCF147000BC00B /* PrivacyInfo.xcprivacy */; };
		8FB0022DCF147000BC001 /* TapThatAppLauncherApp.swift in Sources */ = {isa = PBXBuildFile; fileRef = 8FA0022DCF147000BC001 /* TapThatAppLauncherApp.swift */; };
		8FB0022DCF147000BC002 /* Assets.xcassets in Resources */ = {isa = PBXBuildFile; fileRef = 8FA0022DCF147000BC002 /* Assets.xcassets */; };
		8FB0022DCF147000BC003 /* PrivacyInfo.xcprivacy in Resources */ = {isa = PBXBuildFile; fileRef = 8FA0022DCF147000BC003 /* PrivacyInfo.xcprivacy */; };
/* End PBXBuildFile section */

/* Begin PBXFileReference section */
		0F7CD6D22DCF147000BC3750 /* TapThatApp.app */ = {isa = PBXFileReference; explicitFileType = wrapper.application; includeInIndex = 0; path = TapThatApp.app; sourceTree = BUILT_PRODUCTS_DIR; };
		0F7CD6FC2DCF155700BC3750 /* TapThatAppLauncher.app */ = {isa = PBXFileReference; explicitFileType = wrapper.application; includeInIndex = 0; path = TapThatAppLauncher.app; sourceTree = BUILT_PRODUCTS_DIR; };
		8FA0012DCF147000BC001 /* AppDelegate.swift */ = {isa = PBXFileReference; lastKnownFileType = sourcecode.swift; path = AppDelegate.swift; sourceTree = "<group>"; };
		8FA0012DCF147000BC002 /* ContentView.swift */ = {isa = PBXFileReference; lastKnownFileType = sourcecode.swift; path = ContentView.swift; sourceTree = "<group>"; };
		8FA0012DCF147000BC003 /* KeyEventHandling.swift */ = {isa = PBXFileReference; lastKnownFileType = sourcecode.swift; path = KeyEventHandling.swift; sourceTree = "<group>"; };
		8FA0012DCF147000BC004 /* LauncherController.swift */ = {isa = PBXFileReference; lastKnownFileType = sourcecode.swift; path = LauncherController.swift; sourceTree = "<group>"; };
		8FA0012DCF147000BC005 /* OverlayPanel.swift */ = {isa = PBXFileReference; lastKnownFileType = sourcecode.swift; path = OverlayPanel.swift; sourceTree = "<group>"; };
		8FA0012DCF147000BC006 /* PinnedAppLoader.swift */ = {isa = PBXFileReference; lastKnownFileType = sourcecode.swift; path = PinnedAppLoader.swift; sourceTree = "<group>"; };
		8FA0012DCF147000BC007 /* SettingsStore.swift */ = {isa = PBXFileReference; lastKnownFileType = sourcecode.swift; path = SettingsStore.swift; sourceTree = "<group>"; };
		8FA0012DCF147000BC008 /* SettingsView.swift */ = {isa = PBXFileReference; lastKnownFileType = sourcecode.swift; path = SettingsView.swift; sourceTree = "<group>"; };
		8FA0012DCF147000BC009 /* TapThatAppApp.swift */ = {isa = PBXFileReference; lastKnownFileType = sourcecode.swift; path = TapThatAppApp.swift; sourceTree = "<group>"; };
		8FA0012DCF147000BC00C /* TapThatApp.entitlements */ = {isa = PBXFileReference; lastKnownFileType = text.plist.entitlements; path = TapThatApp.entitlements; sourceTree = "<group>"; };
		8FA0012DCF147000BC00A /* Assets.xcassets */ = {isa = PBXFileReference; lastKnownFileType = folder.assetcatalog; path = Assets.xcassets; sourceTree = "<group>"; };
		8FA0012DCF147000BC00B /* PrivacyInfo.xcprivacy */ = {isa = PBXFileReference; lastKnownFileType = text.xml; path = PrivacyInfo.xcprivacy; sourceTree = "<group>"; };
		8FA0022DCF147000BC001 /* TapThatAppLauncherApp.swift */ = {isa = PBXFileReference; lastKnownFileType = sourcecode.swift; path = TapThatAppLauncherApp.swift; sourceTree = "<group>"; };
		8FA0022DCF147000BC004 /* TapThatAppLauncher.entitlements */ = {isa = PBXFileReference; lastKnownFileType = text.plist.entitlements; path = TapThatAppLauncher.entitlements; sourceTree = "<group>"; };
		8FA0022DCF147000BC002 /* Assets.xcassets */ = {isa = PBXFileReference; lastKnownFileType = folder.assetcatalog; path = Assets.xcassets; sourceTree = "<group>"; };
		8FA0022DCF147000BC003 /* PrivacyInfo.xcprivacy */ = {isa = PBXFileReference; lastKnownFileType = text.xml; path = PrivacyInfo.xcprivacy; sourceTree = "<group>"; };
/* End PBXFileReference section */

/* Begin PBXFrameworksBuildPhase section */
		0F7CD6CF2DCF147000BC3750 /* Frameworks */ = {
			isa = PBXFrameworksBuildPhase;
			buildActionMask = 2147483647;
			files = (
				0F7CD6F72DCF150200BC3750 /* HotKey in Frameworks */,
			);
			runOnlyForDeploymentPostprocessing = 0;
		};
		0F7CD6F92DCF155700BC3750 /* Frameworks */ = {
			isa = PBXFrameworksBuildPhase;
			buildActionMask = 2147483647;
			files = (
			);
			runOnlyForDeploymentPostprocessing = 0;
		};
/* End PBXFrameworksBuildPhase section */

/* Begin PBXGroup section */
		0F7CD6C92DCF147000BC3750 = {
			isa = PBXGroup;
			children = (
				8FA0002DCF147000BC001 /* TapThatApp */,
				8FA0002DCF147000BC002 /* TapThatAppLauncher */,
				0F7CD6D32DCF147000BC3750 /* Products */,
			);
			sourceTree = "<group>";
		};
		0F7CD6D32DCF147000BC3750 /* Products */ = {
			isa = PBXGroup;
			children = (
				0F7CD6D22DCF147000BC3750 /* TapThatApp.app */,
				0F7CD6FC2DCF155700BC3750 /* TapThatAppLauncher.app */,
			);
			name = Products;
			sourceTree = "<group>";
		};
		8FA0002DCF147000BC001 /* TapThatApp */ = {
			isa = PBXGroup;
			children = (
				8FA0012DCF147000BC001 /* AppDelegate.swift */,
				8FA0012DCF147000BC002 /* ContentView.swift */,
				8FA0012DCF147000BC003 /* KeyEventHandling.swift */,
				8FA0012DCF147000BC004 /* LauncherController.swift */,
				8FA0012DCF147000BC005 /* OverlayPanel.swift */,
				8FA0012DCF147000BC006 /* PinnedAppLoader.swift */,
				8FA0012DCF147000BC007 /* SettingsStore.swift */,
				8FA0012DCF147000BC008 /* SettingsView.swift */,
				8FA0012DCF147000BC009 /* TapThatAppApp.swift */,
				8FA0012DCF147000BC00C /* TapThatApp.entitlements */,
				8FA0012DCF147000BC00A /* Assets.xcassets */,
				8FA0012DCF147000BC00B /* PrivacyInfo.xcprivacy */,
			);
			path = TapThatApp;
			sourceTree = "<group>";
		};
		8FA0002DCF147000BC002 /* TapThatAppLauncher */ = {
			isa = PBXGroup;
			children = (
				8FA0022DCF147000BC001 /* TapThatAppLauncherApp.swift */,
				8FA0022DCF147000BC004 /* TapThatAppLauncher.entitlements */,
				8FA0022DCF147000BC002 /* Assets.xcassets */,
				8FA0022DCF147000BC003 /* PrivacyInfo.xcprivacy */,
			);
			path = TapThatAppLauncher;
			sourceTree = "<group>";
		};
/* End PBXGroup section */

/* Begin PBXNativeTarget section */
		0F7CD6D12DCF147000BC3750 /* TapThatApp */ = {
			isa = PBXNativeTarget;
			buildConfigurationList = 0F7CD6DE2DCF147200BC3750 /* Build configuration list for PBXNativeTarget "TapThatApp" */;
			buildPhases = (
				0F7CD6CE2DCF147000BC3750 /* Sources */,
				0F7CD6CF2DCF147000BC3750 /* Frameworks */,
				0F7CD6D02DCF147000BC3750 /* Resources */,
			);
			buildRules = (
			);
			dependencies = (
			);
			name = TapThatApp;
			packageProductDependencies = (
				0F7CD6F62DCF150200BC3750 /* HotKey */,
			);
			productName = TapThatApp;
			productReference = 0F7CD6D22DCF147000BC3750 /* TapThatApp.app */;
			productType = "com.apple.product-type.application";
		};
		0F7CD6FB2DCF155700BC3750 /* TapThatAppLauncher */ = {
			isa = PBXNativeTarget;
			buildConfigurationList = 0F7CD7052DCF155900BC3750 /* Build configuration list for PBXNativeTarget "TapThatAppLauncher" */;
			buildPhases = (
				0F7CD6F82DCF155700BC3750 /* Sources */,
				0F7CD6F92DCF155700BC3750 /* Frameworks */,
				0F7CD6FA2DCF155700BC3750 /* Resources */,
			);
			buildRules = (
			);
			dependencies = (
			);
			name = TapThatAppLauncher;
			packageProductDependencies = (
			);
			productName = TapThatAppLauncher;
			productReference = 0F7CD6FC2DCF155700BC3750 /* TapThatAppLauncher.app */;
			productType = "com.apple.product-type.application";
		};
/* End PBXNativeTarget section */

/* Begin PBXProject section */
		0F7CD6CA2DCF147000BC3750 /* Project object */ = {
			isa = PBXProject;
			attributes = {
				BuildIndependentTargetsInParallel = 1;
				LastSwiftUpdateCheck = 1630;
				LastUpgradeCheck = 1630;
				TargetAttributes = {
					0F7CD6D12DCF147000BC3750 = {
						CreatedOnToolsVersion = 16.3;
					};
					0F7CD6FB2DCF155700BC3750 = {
						CreatedOnToolsVersion = 16.3;
					};
				};
			};
			buildConfigurationList = 0F7CD6CD2DCF147000BC3750 /* Build configuration list for PBXProject "TapThatApp" */;
			compatibilityVersion = "Xcode 14.0";
			developmentRegion = en;
			hasScannedForEncodings = 0;
			knownRegions = (
				en,
				Base,
			);
			mainGroup = 0F7CD6C92DCF147000BC3750;
			packageReferences = (
				0F7CD6F52DCF150200BC3750 /* XCRemoteSwiftPackageReference "HotKey" */,
			);
			productRefGroup = 0F7CD6D32DCF147000BC3750 /* Products */;
			projectDirPath = "";
			projectRoot = "";
			targets = (
				0F7CD6D12DCF147000BC3750 /* TapThatApp */,
				0F7CD6FB2DCF155700BC3750 /* TapThatAppLauncher */,
			);
		};
/* End PBXProject section */

/* Begin PBXResourcesBuildPhase section */
		0F7CD6D02DCF147000BC3750 /* Resources */ = {
			isa = PBXResourcesBuildPhase;
			buildActionMask = 2147483647;
			files = (
				8FB0012DCF147000BC00A /* Assets.xcassets in Resources */,
				8FB0012DCF147000BC00B /* PrivacyInfo.xcprivacy in Resources */,
			);
			runOnlyForDeploymentPostprocessing = 0;
		};
		0F7CD6FA2DCF155700BC3750 /* Resources */ = {
			isa = PBXResourcesBuildPhase;
			buildActionMask = 2147483647;
			files = (
				8FB0022DCF147000BC002 /* Assets.xcassets in Resources */,
				8FB0022DCF147000BC003 /* PrivacyInfo.xcprivacy in Resources */,
			);
			runOnlyForDeploymentPostprocessing = 0;
		};
/* End PBXResourcesBuildPhase section */

/* Begin PBXSourcesBuildPhase section */
		0F7CD6CE2DCF147000BC3750 /* Sources */ = {
			isa = PBXSourcesBuildPhase;
			buildActionMask = 2147483647;
			files = (
				8FB0012DCF147000BC001 /* AppDelegate.swift in Sources */,
				8FB0012DCF147000BC002 /* ContentView.swift in Sources */,
				8FB0012DCF147000BC003 /* KeyEventHandling.swift in Sources */,
				8FB0012DCF147000BC004 /* LauncherController.swift in Sources */,
				8FB0012DCF147000BC005 /* OverlayPanel.swift in Sources */,
				8FB0012DCF147000BC006 /* PinnedAppLoader.swift in Sources */,
				8FB0012DCF147000BC007 /* SettingsStore.swift in Sources */,
				8FB0012DCF147000BC008 /* SettingsView.swift in Sources */,
				8FB0012DCF147000BC009 /* TapThatAppApp.swift in Sources */,
			);
			runOnlyForDeploymentPostprocessing = 0;
		};
		0F7CD6F82DCF155700BC3750 /* Sources */ = {
			isa = PBXSourcesBuildPhase;
			buildActionMask = 2147483647;
			files = (
				8FB0022DCF147000BC001 /* TapThatAppLauncherApp.swift in Sources */,
			);
			runOnlyForDeploymentPostprocessing = 0;
		};
/* End PBXSourcesBuildPhase section */

/* Begin XCBuildConfiguration section */
		0F7CD6DC2DCF147200BC3750 /* Debug */ = {
			isa = XCBuildConfiguration;
			buildSettings = {
				ALWAYS_SEARCH_USER_PATHS = NO;
				ASSETCATALOG_COMPILER_GENERATE_SWIFT_ASSET_SYMBOL_EXTENSIONS = YES;
				CLANG_ANALYZER_NONNULL = YES;
				CLANG_ANALYZER_NUMBER_OBJECT_CONVERSION = YES_AGGRESSIVE;
				CLANG_CXX_LANGUAGE_STANDARD = "gnu++20";
				CLANG_ENABLE_MODULES = YES;
				CLANG_ENABLE_OBJC_ARC = YES;
				CLANG_ENABLE_OBJC_WEAK = YES;
				CLANG_WARN_BLOCK_CAPTURE_AUTORELEASING = YES;
				CLANG_WARN_BOOL_CONVERSION = YES;
				CLANG_WARN_COMMA = YES;
				CLANG_WARN_CONSTANT_CONVERSION = YES;
				CLANG_WARN_DEPRECATED_OBJC_IMPLEMENTATIONS = YES;
				CLANG_WARN_DIRECT_OBJC_ISA_USAGE = YES_ERROR;
				CLANG_WARN_DOCUMENTATION_COMMENTS = YES;
				CLANG_WARN_EMPTY_BODY = YES;
				CLANG_WARN_ENUM_CONVERSION = YES;
				CLANG_WARN_INFINITE_RECURSION = YES;
				CLANG_WARN_INT_CONVERSION = YES;
				CLANG_WARN_NON_LITERAL_NULL_CONVERSION = YES;
				CLANG_WARN_OBJC_IMPLICIT_RETAIN_SELF = YES;
				CLANG_WARN_OBJC_LITERAL_CONVERSION = YES;
				CLANG_WARN_OBJC_ROOT_CLASS = YES_ERROR;
				CLANG_WARN_QUOTED_INCLUDE_IN_FRAMEWORK_HEADER = YES;
				CLANG_WARN_RANGE_LOOP_ANALYSIS = YES;
				CLANG_WARN_STRICT_PROTOTYPES = YES;
				CLANG_WARN_SUSPICIOUS_MOVE = YES;
				CLANG_WARN_UNGUARDED_AVAILABILITY = YES_AGGRESSIVE;
				CLANG_WARN_UNREACHABLE_CODE = YES;
				CLANG_WARN__DUPLICATE_METHOD_MATCH = YES;
				COPY_PHASE_STRIP = NO;
				DEBUG_INFORMATION_FORMAT = dwarf;
				ENABLE_STRICT_OBJC_MSGSEND = YES;
				ENABLE_TESTABILITY = YES;
				ENABLE_USER_SCRIPT_SANDBOXING = YES;
				GCC_C_LANGUAGE_STANDARD = gnu17;
				GCC_DYNAMIC_NO_PIC = NO;
				GCC_NO_COMMON_BLOCKS = YES;
				GCC_OPTIMIZATION_LEVEL = 0;
				GCC_PREPROCESSOR_DEFINITIONS = (
					"DEBUG=1",
					"$(inherited)",
				);
				GCC_WARN_64_TO_32_BIT_CONVERSION = YES;
				GCC_WARN_ABOUT_RETURN_TYPE = YES_ERROR;
				GCC_WARN_UNDECLARED_SELECTOR = YES;
				GCC_WARN_UNINITIALIZED_AUTOS = YES_AGGRESSIVE;
				GCC_WARN_UNUSED_FUNCTION = YES;
				GCC_WARN_UNUSED_VARIABLE = YES;
				LOCALIZATION_PREFERS_STRING_CATALOGS = YES;
				MACOSX_DEPLOYMENT_TARGET = 13.5;
				MTL_ENABLE_DEBUG_INFO = INCLUDE_SOURCE;
				MTL_FAST_MATH = YES;
				ONLY_ACTIVE_ARCH = YES;
				SDKROOT = macosx;
				SWIFT_ACTIVE_COMPILATION_CONDITIONS = "DEBUG $(inherited)";
				SWIFT_OPTIMIZATION_LEVEL = "-Onone";
			};
			name = Debug;
		};
		0F7CD6DD2DCF147200BC3750 /* Release */ = {
			isa = XCBuildConfiguration;
			buildSettings = {
				ALWAYS_SEARCH_USER_PATHS = NO;
				ASSETCATALOG_COMPILER_GENERATE_SWIFT_ASSET_SYMBOL_EXTENSIONS = YES;
				CLANG_ANALYZER_NONNULL = YES;
				CLANG_ANALYZER_NUMBER_OBJECT_CONVERSION = YES_AGGRESSIVE;
				CLANG_CXX_LANGUAGE_STANDARD = "gnu++20";
				CLANG_ENABLE_MODULES = YES;
				CLANG_ENABLE_OBJC_ARC = YES;
				CLANG_ENABLE_OBJC_WEAK = YES;
				CLANG_WARN_BLOCK_CAPTURE_AUTORELEASING = YES;
				CLANG_WARN_BOOL_CONVERSION = YES;
				CLANG_WARN_COMMA = YES;
				CLANG_WARN_CONSTANT_CONVERSION = YES;
				CLANG_WARN_DEPRECATED_OBJC_IMPLEMENTATIONS = YES;
				CLANG_WARN_DIRECT_OBJC_ISA_USAGE = YES_ERROR;
				CLANG_WARN_DOCUMENTATION_COMMENTS = YES;
				CLANG_WARN_EMPTY_BODY = YES;
				CLANG_WARN_ENUM_CONVERSION = YES;
				CLANG_WARN_INFINITE_RECURSION = YES;
				CLANG_WARN_INT_CONVERSION = YES;
				CLANG_WARN_NON_LITERAL_NULL_CONVERSION = YES;
				CLANG_WARN_OBJC_IMPLICIT_RETAIN_SELF = YES;
				CLANG_WARN_OBJC_LITERAL_CONVERSION = YES;
				CLANG_WARN_OBJC_ROOT_CLASS = YES_ERROR;
				CLANG_WARN_QUOTED_INCLUDE_IN_FRAMEWORK_HEADER = YES;
				CLANG_WARN_RANGE_LOOP_ANALYSIS = YES;
				CLANG_WARN_STRICT_PROTOTYPES = YES;
				CLANG_WARN_SUSPICIOUS_MOVE = YES;
				CLANG_WARN_UNGUARDED_AVAILABILITY = YES_AGGRESSIVE;
				CLANG_WARN_UNREACHABLE_CODE = YES;
				CLANG_WARN__DUPLICATE_METHOD_MATCH = YES;
				COPY_PHASE_STRIP = NO;
				DEBUG_INFORMATION_FORMAT = "dwarf-with-dsym";
				ENABLE_NS_ASSERTIONS = NO;
				ENABLE_STRICT_OBJC_MSGSEND = YES;
				ENABLE_USER_SCRIPT_SANDBOXING = YES;
				GCC_C_LANGUAGE_STANDARD = gnu17;
				GCC_NO_COMMON_BLOCKS = YES;
				GCC_WARN_64_TO_32_BIT_CONVERSION = YES;
				GCC_WARN_ABOUT_RETURN_TYPE = YES_ERROR;
				GCC_WARN_UNDECLARED_SELECTOR = YES;
				GCC_WARN_UNINITIALIZED_AUTOS = YES_AGGRESSIVE;
				GCC_WARN_UNUSED_FUNCTION = YES;
				GCC_WARN_UNUSED_VARIABLE = YES;
				LOCALIZATION_PREFERS_STRING_CATALOGS = YES;
				MACOSX_DEPLOYMENT_TARGET = 13.5;
				MTL_ENABLE_DEBUG_INFO = NO;
				MTL_FAST_MATH = YES;
				SDKROOT = macosx;
				SWIFT_COMPILATION_MODE = wholemodule;
			};
			name = Release;
		};
		0F7CD6DF2DCF147200BC3750 /* Debug */ = {
			isa = XCBuildConfiguration;
			buildSettings = {
				ASSETCATALOG_COMPILER_APPICON_NAME = AppIcon;
				ASSETCATALOG_COMPILER_GLOBAL_ACCENT_COLOR_NAME = AccentColor;
				ASSETCATALOG_COMPILER_INCLUDE_ALL_APPICON_ASSETS = YES;
				CODE_SIGN_ENTITLEMENTS = TapThatApp/TapThatApp.entitlements;
				CODE_SIGN_STYLE = Automatic;
				COMBINE_HIDPI_IMAGES = YES;
				CURRENT_PROJECT_VERSION = 1;
				DEVELOPMENT_TEAM = SZZDA6TVN7;
				ENABLE_HARDENED_RUNTIME = YES;
				ENABLE_PREVIEWS = YES;
				GENERATE_INFOPLIST_FILE = YES;
				INFOPLIST_KEY_ITSAppUsesNonExemptEncryption = NO;
				INFOPLIST_KEY_LSUIElement = YES;
				INFOPLIST_KEY_NSAccessibilityUsageDescription = "TapThatApp registers Option-Space as a global shortcut and shows your app ring on screen.";
				INFOPLIST_KEY_NSHumanReadableCopyright = "";
				LD_RUNPATH_SEARCH_PATHS = (
					"$(inherited)",
					"@executable_path/../Frameworks",
				);
				MACOSX_DEPLOYMENT_TARGET = 13.5;
				MARKETING_VERSION = 1.0;
				PRODUCT_BUNDLE_IDENTIFIER = com.neelshha.TapThatApp;
				PRODUCT_NAME = "$(TARGET_NAME)";
				REGISTER_APP_GROUPS = YES;
				SWIFT_EMIT_LOC_STRINGS = YES;
				SWIFT_VERSION = 5.0;
			};
			name = Debug;
		};
		0F7CD6E02DCF147200BC3750 /* Release */ = {
			isa = XCBuildConfiguration;
			buildSettings = {
				ASSETCATALOG_COMPILER_APPICON_NAME = AppIcon;
				ASSETCATALOG_COMPILER_GLOBAL_ACCENT_COLOR_NAME = AccentColor;
				ASSETCATALOG_COMPILER_INCLUDE_ALL_APPICON_ASSETS = YES;
				CODE_SIGN_ENTITLEMENTS = TapThatApp/TapThatApp.entitlements;
				CODE_SIGN_STYLE = Automatic;
				COMBINE_HIDPI_IMAGES = YES;
				CURRENT_PROJECT_VERSION = 1;
				DEVELOPMENT_TEAM = SZZDA6TVN7;
				ENABLE_HARDENED_RUNTIME = YES;
				ENABLE_PREVIEWS = NO;
				GENERATE_INFOPLIST_FILE = YES;
				INFOPLIST_KEY_ITSAppUsesNonExemptEncryption = NO;
				INFOPLIST_KEY_LSUIElement = YES;
				INFOPLIST_KEY_NSAccessibilityUsageDescription = "TapThatApp registers Option-Space as a global shortcut and shows your app ring on screen.";
				INFOPLIST_KEY_NSHumanReadableCopyright = "";
				LD_RUNPATH_SEARCH_PATHS = (
					"$(inherited)",
					"@executable_path/../Frameworks",
				);
				MACOSX_DEPLOYMENT_TARGET = 13.5;
				MARKETING_VERSION = 1.0;
				PRODUCT_BUNDLE_IDENTIFIER = com.neelshha.TapThatApp;
				PRODUCT_NAME = "$(TARGET_NAME)";
				REGISTER_APP_GROUPS = YES;
				SWIFT_EMIT_LOC_STRINGS = YES;
				SWIFT_VERSION = 5.0;
			};
			name = Release;
		};
		0F7CD7062DCF155900BC3750 /* Debug */ = {
			isa = XCBuildConfiguration;
			buildSettings = {
				ASSETCATALOG_COMPILER_APPICON_NAME = AppIcon;
				ASSETCATALOG_COMPILER_GLOBAL_ACCENT_COLOR_NAME = AccentColor;
				ASSETCATALOG_COMPILER_INCLUDE_ALL_APPICON_ASSETS = YES;
				CODE_SIGN_ENTITLEMENTS = TapThatAppLauncher/TapThatAppLauncher.entitlements;
				CODE_SIGN_STYLE = Automatic;
				COMBINE_HIDPI_IMAGES = YES;
				CURRENT_PROJECT_VERSION = 1;
				DEVELOPMENT_TEAM = SZZDA6TVN7;
				ENABLE_HARDENED_RUNTIME = YES;
				ENABLE_PREVIEWS = YES;
				GENERATE_INFOPLIST_FILE = YES;
				INFOPLIST_KEY_ITSAppUsesNonExemptEncryption = NO;
				INFOPLIST_KEY_LSUIElement = YES;
				INFOPLIST_KEY_NSHumanReadableCopyright = "";
				LD_RUNPATH_SEARCH_PATHS = (
					"$(inherited)",
					"@executable_path/../Frameworks",
				);
				MACOSX_DEPLOYMENT_TARGET = 13.5;
				MARKETING_VERSION = 1.0;
				PRODUCT_BUNDLE_IDENTIFIER = com.neelshha.TapThatAppLauncher;
				PRODUCT_NAME = "$(TARGET_NAME)";
				REGISTER_APP_GROUPS = YES;
				SKIP_INSTALL = YES;
				SWIFT_EMIT_LOC_STRINGS = YES;
				SWIFT_VERSION = 5.0;
			};
			name = Debug;
		};
		0F7CD7072DCF155900BC3750 /* Release */ = {
			isa = XCBuildConfiguration;
			buildSettings = {
				ASSETCATALOG_COMPILER_APPICON_NAME = AppIcon;
				ASSETCATALOG_COMPILER_GLOBAL_ACCENT_COLOR_NAME = AccentColor;
				ASSETCATALOG_COMPILER_INCLUDE_ALL_APPICON_ASSETS = YES;
				CODE_SIGN_ENTITLEMENTS = TapThatAppLauncher/TapThatAppLauncher.entitlements;
				CODE_SIGN_STYLE = Automatic;
				COMBINE_HIDPI_IMAGES = YES;
				CURRENT_PROJECT_VERSION = 1;
				DEVELOPMENT_TEAM = SZZDA6TVN7;
				ENABLE_HARDENED_RUNTIME = YES;
				ENABLE_PREVIEWS = NO;
				GENERATE_INFOPLIST_FILE = YES;
				INFOPLIST_KEY_ITSAppUsesNonExemptEncryption = NO;
				INFOPLIST_KEY_LSUIElement = YES;
				INFOPLIST_KEY_NSHumanReadableCopyright = "";
				LD_RUNPATH_SEARCH_PATHS = (
					"$(inherited)",
					"@executable_path/../Frameworks",
				);
				MACOSX_DEPLOYMENT_TARGET = 13.5;
				MARKETING_VERSION = 1.0;
				PRODUCT_BUNDLE_IDENTIFIER = com.neelshha.TapThatAppLauncher;
				PRODUCT_NAME = "$(TARGET_NAME)";
				REGISTER_APP_GROUPS = YES;
				SKIP_INSTALL = YES;
				SWIFT_EMIT_LOC_STRINGS = YES;
				SWIFT_VERSION = 5.0;
			};
			name = Release;
		};
/* End XCBuildConfiguration section */

/* Begin XCConfigurationList section */
		0F7CD6CD2DCF147000BC3750 /* Build configuration list for PBXProject "TapThatApp" */ = {
			isa = XCConfigurationList;
			buildConfigurations = (
				0F7CD6DC2DCF147200BC3750 /* Debug */,
				0F7CD6DD2DCF147200BC3750 /* Release */,
			);
			defaultConfigurationIsVisible = 0;
			defaultConfigurationName = Release;
		};
		0F7CD6DE2DCF147200BC3750 /* Build configuration list for PBXNativeTarget "TapThatApp" */ = {
			isa = XCConfigurationList;
			buildConfigurations = (
				0F7CD6DF2DCF147200BC3750 /* Debug */,
				0F7CD6E02DCF147200BC3750 /* Release */,
			);
			defaultConfigurationIsVisible = 0;
			defaultConfigurationName = Release;
		};
		0F7CD7052DCF155900BC3750 /* Build configuration list for PBXNativeTarget "TapThatAppLauncher" */ = {
			isa = XCConfigurationList;
			buildConfigurations = (
				0F7CD7062DCF155900BC3750 /* Debug */,
				0F7CD7072DCF155900BC3750 /* Release */,
			);
			defaultConfigurationIsVisible = 0;
			defaultConfigurationName = Release;
		};
/* End XCConfigurationList section */

/* Begin XCRemoteSwiftPackageReference section */
		0F7CD6F52DCF150200BC3750 /* XCRemoteSwiftPackageReference "HotKey" */ = {
			isa = XCRemoteSwiftPackageReference;
			repositoryURL = "https://github.com/soffes/HotKey";
			requirement = {
				kind = exactVersion;
				version = 0.2.1;
			};
		};
/* End XCRemoteSwiftPackageReference section */

/* Begin XCSwiftPackageProductDependency section */
		0F7CD6F62DCF150200BC3750 /* HotKey */ = {
			isa = XCSwiftPackageProductDependency;
			package = 0F7CD6F52DCF150200BC3750 /* XCRemoteSwiftPackageReference "HotKey" */;
			productName = HotKey;
		};
/* End XCSwiftPackageProductDependency section */
	};
	rootObject = 0F7CD6CA2DCF147000BC3750 /* Project object */;
}
